
Microsoft Visual Studio Solution File, Format Version 12.00
# Visual Studio Version 16
VisualStudioVersion = 16.0.28803.202
MinimumVisualStudioVersion = 10.0.40219.1
Project("{8BC9CEB8-8B4A-11D0-8D11-00A0C91BC942}") = "ExplorerSortOrder", "Dll1.vcxproj", "{5683B330-A0C5-4978-BACA-CCF4F123396A}"
EndProject
Project("{FAE04EC0-301F-11D3-BF4B-00C04F79EFBC}") = "Tester", "..\Tester\Tester.csproj", "{CF9B3B00-FA17-4B1D-8FA3-50BECD3D48C9}"
	ProjectSection(ProjectDependencies) = postProject
		{5683B330-A0C5-4978-BACA-CCF4F123396A} = {5683B330-A0C5-4978-BACA-CCF4F123396A}
	EndProjectSection
EndProject
Global
	GlobalSection(SolutionConfigurationPlatforms) = preSolution
		Debug|Any CPU = Debug|Any CPU
		Debug|x64 = Debug|x64
		Debug|x86 = Debug|x86
		Release|Any CPU = Release|Any CPU
		Release|x64 = Release|x64
		Release|x86 = Release|x86
	EndGlobalSection
	GlobalSection(ProjectConfigurationPlatforms) = postSolution
		{5683B330-A0C5-4978-BACA-CCF4F123396A}.Debug|Any CPU.ActiveCfg = Debug|Win32
		{5683B330-A0C5-4978-BACA-CCF4F123396A}.Debug|Any CPU.Build.0 = Debug|Win32
		{5683B330-A0C5-4978-BACA-CCF4F123396A}.Debug|x64.ActiveCfg = Debug|x64
		{5683B330-A0C5-4978-BACA-CCF4F123396A}.Debug|x64.Build.0 = Debug|x64
		{5683B330-A0C5-4978-BACA-CCF4F123396A}.Debug|x86.ActiveCfg = Debug|Win32
		{5683B330-A0C5-4978-BACA-CCF4F123396A}.Debug|x86.Build.0 = Debug|Win32
		{5683B330-A0C5-4978-BACA-CCF4F123396A}.Release|Any CPU.ActiveCfg = Release|Win32
		{5683B330-A0C5-4978-BACA-CCF4F123396A}.Release|Any CPU.Build.0 = Release|Win32
		{5683B330-A0C5-4978-BACA-CCF4F123396A}.Release|x64.ActiveCfg = Release|x64
		{5683B330-A0C5-4978-BACA-CCF4F123396A}.Release|x64.Build.0 = Release|x64
		{5683B330-A0C5-4978-BACA-CCF4F123396A}.Release|x86.ActiveCfg = Release|Win32
		{5683B330-A0C5-4978-BACA-CCF4F123396A}.Release|x86.Build.0 = Release|Win32
		{CF9B3B00-FA17-4B1D-8FA3-50BECD3D48C9}.Debug|Any CPU.ActiveCfg = Debug|Any CPU
		{CF9B3B00-FA17-4B1D-8FA3-50BECD3D48C9}.Debug|Any CPU.Build.0 = Debug|Any CPU
		{CF9B3B00-FA17-4B1D-8FA3-50BECD3D48C9}.Debug|x64.ActiveCfg = Debug|Any CPU
		{CF9B3B00-FA17-4B1D-8FA3-50BECD3D48C9}.Debug|x64.Build.0 = Debug|Any CPU
		{CF9B3B00-FA17-4B1D-8FA3-50BECD3D48C9}.Debug|x86.ActiveCfg = Debug|Any CPU
		{CF9B3B00-FA17-4B1D-8FA3-50BECD3D48C9}.Debug|x86.Build.0 = Debug|Any CPU
		{CF9B3B00-FA17-4B1D-8FA3-50BECD3D48C9}.Release|Any CPU.ActiveCfg = Release|Any CPU
		{CF9B3B00-FA17-4B1D-8FA3-50BECD3D48C9}.Release|Any CPU.Build.0 = Release|Any CPU
		{CF9B3B00-FA17-4B1D-8FA3-50BECD3D48C9}.Release|x64.ActiveCfg = Release|Any CPU
		{CF9B3B00-FA17-4B1D-8FA3-50BECD3D48C9}.Release|x64.Build.0 = Release|Any CPU
		{CF9B3B00-FA17-4B1D-8FA3-50BECD3D48C9}.Release|x86.ActiveCfg = Release|Any CPU
		{CF9B3B00-FA17-4B1D-8FA3-50BECD3D48C9}.Release|x86.Build.0 = Release|Any CPU
	EndGlobalSection
	GlobalSection(SolutionProperties) = preSolution
		HideSolutionNode = FALSE
	EndGlobalSection
	GlobalSection(ExtensibilityGlobals) = postSolution
		SolutionGuid = {12EF31AC-5216-4141-8473-CA01AFC20331}
	EndGlobalSection
EndGlobal
